
Microsoft Visual Studio Solution File, Format Version 11.00
# Visual Studio 2010
Project("{8BC9CEB8-8B4A-11D0-8D11-00A0C91BC942}") = "WinBtrfsCLI", "WinBtrfsCLI\WinBtrfsCLI.vcxproj", "{BB6E39AC-8DF6-414E-924D-A190E2D15939}"
EndProject
Project("{8BC9CEB8-8B4A-11D0-8D11-00A0C91BC942}") = "DirLister", "DirLister\DirLister.vcxproj", "{B9FE42F3-762E-4425-9DDD-CEE1CBC9E394}"
EndProject
Project("{8BC9CEB8-8B4A-11D0-8D11-00A0C91BC942}") = "VolumeLister", "VolumeLister\VolumeLister.vcxproj", "{DDA5288A-01C5-4C01-92FB-FBD22EC47DD6}"
EndProject
Project("{FAE04EC0-301F-11D3-BF4B-00C04F79EFBC}") = "WinBtrfsGUI", "WinBtrfsGUI\WinBtrfsGUI.csproj", "{EFDD22B2-7143-4EDA-A267-B88433E1BE20}"
EndProject
Project("{8BC9CEB8-8B4A-11D0-8D11-00A0C91BC942}") = "WinBtrfsDrv", "WinBtrfsDrv\WinBtrfsDrv.vcxproj", "{B6810100-D89C-4DAB-9FD7-C82A2AD52831}"
EndProject
Project("{8BC9CEB8-8B4A-11D0-8D11-00A0C91BC942}") = "ThreadLocalTest", "ThreadLocalTest\ThreadLocalTest.vcxproj", "{A3275EDB-0DD2-404B-B9F3-8B2E164D7AA1}"
EndProject
Project("{2150E333-8FDC-42A3-9474-1A3956D46DE8}") = "Solution Items", "Solution Items", "{61D7151D-ED19-4132-97EC-BD22D268A5AF}"
	ProjectSection(SolutionItems) = preProject
		bad_callbacks.txt = bad_callbacks.txt
		ops.txt = ops.txt
		README.txt = README.txt
		TODO.txt = TODO.txt
		unmount.cmd = unmount.cmd
	EndProjectSection
EndProject
Project("{FAE04EC0-301F-11D3-BF4B-00C04F79EFBC}") = "WinBtrfsService", "WinBtrfsService\WinBtrfsService.csproj", "{C3BE3510-E80D-4E9F-B62D-E3339E1E5562}"
EndProject
Global
	GlobalSection(SolutionConfigurationPlatforms) = preSolution
		Debug|Mixed Platforms = Debug|Mixed Platforms
		Debug|Win32 = Debug|Win32
		Debug|x64 = Debug|x64
		Debug|x86 = Debug|x86
		Release|Mixed Platforms = Release|Mixed Platforms
		Release|Win32 = Release|Win32
		Release|x64 = Release|x64
		Release|x86 = Release|x86
	EndGlobalSection
	GlobalSection(ProjectConfigurationPlatforms) = postSolution
		{BB6E39AC-8DF6-414E-924D-A190E2D15939}.Debug|Mixed Platforms.ActiveCfg = Debug|Win32
		{BB6E39AC-8DF6-414E-924D-A190E2D15939}.Debug|Mixed Platforms.Build.0 = Debug|Win32
		{BB6E39AC-8DF6-414E-924D-A190E2D15939}.Debug|Win32.ActiveCfg = Debug|Win32
		{BB6E39AC-8DF6-414E-924D-A190E2D15939}.Debug|Win32.Build.0 = Debug|Win32
		{BB6E39AC-8DF6-414E-924D-A190E2D15939}.Debug|x64.ActiveCfg = Debug|x64
		{BB6E39AC-8DF6-414E-924D-A190E2D15939}.Debug|x64.Build.0 = Debug|x64
		{BB6E39AC-8DF6-414E-924D-A190E2D15939}.Debug|x86.ActiveCfg = Debug|Win32
		{BB6E39AC-8DF6-414E-924D-A190E2D15939}.Release|Mixed Platforms.ActiveCfg = Release|Win32
		{BB6E39AC-8DF6-414E-924D-A190E2D15939}.Release|Mixed Platforms.Build.0 = Release|Win32
		{BB6E39AC-8DF6-414E-924D-A190E2D15939}.Release|Win32.ActiveCfg = Release|Win32
		{BB6E39AC-8DF6-414E-924D-A190E2D15939}.Release|Win32.Build.0 = Release|Win32
		{BB6E39AC-8DF6-414E-924D-A190E2D15939}.Release|x64.ActiveCfg = Release|x64
		{BB6E39AC-8DF6-414E-924D-A190E2D15939}.Release|x64.Build.0 = Release|x64
		{BB6E39AC-8DF6-414E-924D-A190E2D15939}.Release|x86.ActiveCfg = Release|Win32
		{B9FE42F3-762E-4425-9DDD-CEE1CBC9E394}.Debug|Mixed Platforms.ActiveCfg = Debug|Win32
		{B9FE42F3-762E-4425-9DDD-CEE1CBC9E394}.Debug|Mixed Platforms.Build.0 = Debug|Win32
		{B9FE42F3-762E-4425-9DDD-CEE1CBC9E394}.Debug|Win32.ActiveCfg = Debug|Win32
		{B9FE42F3-762E-4425-9DDD-CEE1CBC9E394}.Debug|Win32.Build.0 = Debug|Win32
		{B9FE42F3-762E-4425-9DDD-CEE1CBC9E394}.Debug|x64.ActiveCfg = Debug|x64
		{B9FE42F3-762E-4425-9DDD-CEE1CBC9E394}.Debug|x64.Build.0 = Debug|x64
		{B9FE42F3-762E-4425-9DDD-CEE1CBC9E394}.Debug|x86.ActiveCfg = Debug|Win32
		{B9FE42F3-762E-4425-9DDD-CEE1CBC9E394}.Release|Mixed Platforms.ActiveCfg = Release|Win32
		{B9FE42F3-762E-4425-9DDD-CEE1CBC9E394}.Release|Mixed Platforms.Build.0 = Release|Win32
		{B9FE42F3-762E-4425-9DDD-CEE1CBC9E394}.Release|Win32.ActiveCfg = Release|Win32
		{B9FE42F3-762E-4425-9DDD-CEE1CBC9E394}.Release|Win32.Build.0 = Release|Win32
		{B9FE42F3-762E-4425-9DDD-CEE1CBC9E394}.Release|x64.ActiveCfg = Release|x64
		{B9FE42F3-762E-4425-9DDD-CEE1CBC9E394}.Release|x64.Build.0 = Release|x64
		{B9FE42F3-762E-4425-9DDD-CEE1CBC9E394}.Release|x86.ActiveCfg = Release|Win32
		{DDA5288A-01C5-4C01-92FB-FBD22EC47DD6}.Debug|Mixed Platforms.ActiveCfg = Debug|Win32
		{DDA5288A-01C5-4C01-92FB-FBD22EC47DD6}.Debug|Mixed Platforms.Build.0 = Debug|Win32
		{DDA5288A-01C5-4C01-92FB-FBD22EC47DD6}.Debug|Win32.ActiveCfg = Debug|Win32
		{DDA5288A-01C5-4C01-92FB-FBD22EC47DD6}.Debug|Win32.Build.0 = Debug|Win32
		{DDA5288A-01C5-4C01-92FB-FBD22EC47DD6}.Debug|x64.ActiveCfg = Debug|x64
		{DDA5288A-01C5-4C01-92FB-FBD22EC47DD6}.Debug|x64.Build.0 = Debug|x64
		{DDA5288A-01C5-4C01-92FB-FBD22EC47DD6}.Debug|x86.ActiveCfg = Debug|Win32
		{DDA5288A-01C5-4C01-92FB-FBD22EC47DD6}.Release|Mixed Platforms.ActiveCfg = Release|Win32
		{DDA5288A-01C5-4C01-92FB-FBD22EC47DD6}.Release|Mixed Platforms.Build.0 = Release|Win32
		{DDA5288A-01C5-4C01-92FB-FBD22EC47DD6}.Release|Win32.ActiveCfg = Release|Win32
		{DDA5288A-01C5-4C01-92FB-FBD22EC47DD6}.Release|Win32.Build.0 = Release|Win32
		{DDA5288A-01C5-4C01-92FB-FBD22EC47DD6}.Release|x64.ActiveCfg = Release|x64
		{DDA5288A-01C5-4C01-92FB-FBD22EC47DD6}.Release|x64.Build.0 = Release|x64
		{DDA5288A-01C5-4C01-92FB-FBD22EC47DD6}.Release|x86.ActiveCfg = Release|Win32
		{EFDD22B2-7143-4EDA-A267-B88433E1BE20}.Debug|Mixed Platforms.ActiveCfg = Debug|x86
		{EFDD22B2-7143-4EDA-A267-B88433E1BE20}.Debug|Mixed Platforms.Build.0 = Debug|x86
		{EFDD22B2-7143-4EDA-A267-B88433E1BE20}.Debug|Win32.ActiveCfg = Debug|x86
		{EFDD22B2-7143-4EDA-A267-B88433E1BE20}.Debug|x64.ActiveCfg = Debug|x64
		{EFDD22B2-7143-4EDA-A267-B88433E1BE20}.Debug|x64.Build.0 = Debug|x64
		{EFDD22B2-7143-4EDA-A267-B88433E1BE20}.Debug|x86.ActiveCfg = Debug|x86
		{EFDD22B2-7143-4EDA-A267-B88433E1BE20}.Debug|x86.Build.0 = Debug|x86
		{EFDD22B2-7143-4EDA-A267-B88433E1BE20}.Release|Mixed Platforms.ActiveCfg = Release|x86
		{EFDD22B2-7143-4EDA-A267-B88433E1BE20}.Release|Mixed Platforms.Build.0 = Release|x86
		{EFDD22B2-7143-4EDA-A267-B88433E1BE20}.Release|Win32.ActiveCfg = Release|x86
		{EFDD22B2-7143-4EDA-A267-B88433E1BE20}.Release|x64.ActiveCfg = Release|x64
		{EFDD22B2-7143-4EDA-A267-B88433E1BE20}.Release|x86.ActiveCfg = Release|x86
		{EFDD22B2-7143-4EDA-A267-B88433E1BE20}.Release|x86.Build.0 = Release|x86
		{B6810100-D89C-4DAB-9FD7-C82A2AD52831}.Debug|Mixed Platforms.ActiveCfg = Debug|Win32
		{B6810100-D89C-4DAB-9FD7-C82A2AD52831}.Debug|Mixed Platforms.Build.0 = Debug|Win32
		{B6810100-D89C-4DAB-9FD7-C82A2AD52831}.Debug|Win32.ActiveCfg = Debug|Win32
		{B6810100-D89C-4DAB-9FD7-C82A2AD52831}.Debug|Win32.Build.0 = Debug|Win32
		{B6810100-D89C-4DAB-9FD7-C82A2AD52831}.Debug|x64.ActiveCfg = Debug|Win32
		{B6810100-D89C-4DAB-9FD7-C82A2AD52831}.Debug|x64.Build.0 = Debug|Win32
		{B6810100-D89C-4DAB-9FD7-C82A2AD52831}.Debug|x86.ActiveCfg = Debug|Win32
		{B6810100-D89C-4DAB-9FD7-C82A2AD52831}.Release|Mixed Platforms.ActiveCfg = Release|Win32
		{B6810100-D89C-4DAB-9FD7-C82A2AD52831}.Release|Mixed Platforms.Build.0 = Release|Win32
		{B6810100-D89C-4DAB-9FD7-C82A2AD52831}.Release|Win32.ActiveCfg = Release|Win32
		{B6810100-D89C-4DAB-9FD7-C82A2AD52831}.Release|Win32.Build.0 = Release|Win32
		{B6810100-D89C-4DAB-9FD7-C82A2AD52831}.Release|x64.ActiveCfg = Release|x64
		{B6810100-D89C-4DAB-9FD7-C82A2AD52831}.Release|x64.Build.0 = Release|x64
		{B6810100-D89C-4DAB-9FD7-C82A2AD52831}.Release|x86.ActiveCfg = Release|Win32
		{A3275EDB-0DD2-404B-B9F3-8B2E164D7AA1}.Debug|Mixed Platforms.ActiveCfg = Debug|Win32
		{A3275EDB-0DD2-404B-B9F3-8B2E164D7AA1}.Debug|Mixed Platforms.Build.0 = Debug|Win32
		{A3275EDB-0DD2-404B-B9F3-8B2E164D7AA1}.Debug|Win32.ActiveCfg = Debug|Win32
		{A3275EDB-0DD2-404B-B9F3-8B2E164D7AA1}.Debug|Win32.Build.0 = Debug|Win32
		{A3275EDB-0DD2-404B-B9F3-8B2E164D7AA1}.Debug|x64.ActiveCfg = Debug|x64
		{A3275EDB-0DD2-404B-B9F3-8B2E164D7AA1}.Debug|x64.Build.0 = Debug|x64
		{A3275EDB-0DD2-404B-B9F3-8B2E164D7AA1}.Debug|x86.ActiveCfg = Debug|Win32
		{A3275EDB-0DD2-404B-B9F3-8B2E164D7AA1}.Release|Mixed Platforms.ActiveCfg = Release|Win32
		{A3275EDB-0DD2-404B-B9F3-8B2E164D7AA1}.Release|Mixed Platforms.Build.0 = Release|Win32
		{A3275EDB-0DD2-404B-B9F3-8B2E164D7AA1}.Release|Win32.ActiveCfg = Release|Win32
		{A3275EDB-0DD2-404B-B9F3-8B2E164D7AA1}.Release|Win32.Build.0 = Release|Win32
		{A3275EDB-0DD2-404B-B9F3-8B2E164D7AA1}.Release|x64.ActiveCfg = Release|x64
		{A3275EDB-0DD2-404B-B9F3-8B2E164D7AA1}.Release|x64.Build.0 = Release|x64
		{A3275EDB-0DD2-404B-B9F3-8B2E164D7AA1}.Release|x86.ActiveCfg = Release|Win32
		{C3BE3510-E80D-4E9F-B62D-E3339E1E5562}.Debug|Mixed Platforms.ActiveCfg = Debug|x86
		{C3BE3510-E80D-4E9F-B62D-E3339E1E5562}.Debug|Mixed Platforms.Build.0 = Debug|x86
		{C3BE3510-E80D-4E9F-B62D-E3339E1E5562}.Debug|Win32.ActiveCfg = Debug|x86
		{C3BE3510-E80D-4E9F-B62D-E3339E1E5562}.Debug|x64.ActiveCfg = Debug|x64
		{C3BE3510-E80D-4E9F-B62D-E3339E1E5562}.Debug|x64.Build.0 = Debug|x64
		{C3BE3510-E80D-4E9F-B62D-E3339E1E5562}.Debug|x86.ActiveCfg = Debug|x86
		{C3BE3510-E80D-4E9F-B62D-E3339E1E5562}.Debug|x86.Build.0 = Debug|x86
		{C3BE3510-E80D-4E9F-B62D-E3339E1E5562}.Release|Mixed Platforms.ActiveCfg = Release|x86
		{C3BE3510-E80D-4E9F-B62D-E3339E1E5562}.Release|Mixed Platforms.Build.0 = Release|x86
		{C3BE3510-E80D-4E9F-B62D-E3339E1E5562}.Release|Win32.ActiveCfg = Release|x86
		{C3BE3510-E80D-4E9F-B62D-E3339E1E5562}.Release|x64.ActiveCfg = Release|x86
		{C3BE3510-E80D-4E9F-B62D-E3339E1E5562}.Release|x86.ActiveCfg = Release|x86
		{C3BE3510-E80D-4E9F-B62D-E3339E1E5562}.Release|x86.Build.0 = Release|x86
	EndGlobalSection
	GlobalSection(SolutionProperties) = preSolution
		HideSolutionNode = FALSE
	EndGlobalSection
EndGlobal
