
Microsoft Visual Studio Solution File, Format Version 11.00
# Visual Studio 2010
Project("{8BC9CEB8-8B4A-11D0-8D11-00A0C91BC942}") = "WinBtrfsCLI", "WinBtrfsCLI\WinBtrfsCLI.vcxproj", "{BB6E39AC-8DF6-414E-924D-A190E2D15939}"
EndProject
Project("{8BC9CEB8-8B4A-11D0-8D11-00A0C91BC942}") = "DirLister", "DirLister\DirLister.vcxproj", "{B9FE42F3-762E-4425-9DDD-CEE1CBC9E394}"
EndProject
Project("{8BC9CEB8-8B4A-11D0-8D11-00A0C91BC942}") = "VolumeLister", "VolumeLister\VolumeLister.vcxproj", "{DDA5288A-01C5-4C01-92FB-FBD22EC47DD6}"
EndProject
Project("{FAE04EC0-301F-11D3-BF4B-00C04F79EFBC}") = "WinBtrfsGUI", "WinBtrfsGUI\WinBtrfsGUI.csproj", "{EFDD22B2-7143-4EDA-A267-B88433E1BE20}"
EndProject
Project("{8BC9CEB8-8B4A-11D0-8D11-00A0C91BC942}") = "WinBtrfsLib", "WinBtrfsLib\WinBtrfsLib.vcxproj", "{B6810100-D89C-4DAB-9FD7-C82A2AD52831}"
EndProject
Project("{8BC9CEB8-8B4A-11D0-8D11-00A0C91BC942}") = "WinBtrfsService", "WinBtrfsService\WinBtrfsService.vcxproj", "{ECE512A9-A96D-41D8-8137-DE31E62FE102}"
EndProject
Global
	GlobalSection(SolutionConfigurationPlatforms) = preSolution
		Debug|Mixed Platforms = Debug|Mixed Platforms
		Debug|Win32 = Debug|Win32
		Debug|x86 = Debug|x86
		Release|Mixed Platforms = Release|Mixed Platforms
		Release|Win32 = Release|Win32
		Release|x86 = Release|x86
	EndGlobalSection
	GlobalSection(ProjectConfigurationPlatforms) = postSolution
		{BB6E39AC-8DF6-414E-924D-A190E2D15939}.Debug|Mixed Platforms.ActiveCfg = Debug|Win32
		{BB6E39AC-8DF6-414E-924D-A190E2D15939}.Debug|Mixed Platforms.Build.0 = Debug|Win32
		{BB6E39AC-8DF6-414E-924D-A190E2D15939}.Debug|Win32.ActiveCfg = Debug|Win32
		{BB6E39AC-8DF6-414E-924D-A190E2D15939}.Debug|Win32.Build.0 = Debug|Win32
		{BB6E39AC-8DF6-414E-924D-A190E2D15939}.Debug|x86.ActiveCfg = Debug|Win32
		{BB6E39AC-8DF6-414E-924D-A190E2D15939}.Release|Mixed Platforms.ActiveCfg = Release|Win32
		{BB6E39AC-8DF6-414E-924D-A190E2D15939}.Release|Mixed Platforms.Build.0 = Release|Win32
		{BB6E39AC-8DF6-414E-924D-A190E2D15939}.Release|Win32.ActiveCfg = Release|Win32
		{BB6E39AC-8DF6-414E-924D-A190E2D15939}.Release|Win32.Build.0 = Release|Win32
		{BB6E39AC-8DF6-414E-924D-A190E2D15939}.Release|x86.ActiveCfg = Release|Win32
		{B9FE42F3-762E-4425-9DDD-CEE1CBC9E394}.Debug|Mixed Platforms.ActiveCfg = Debug|Win32
		{B9FE42F3-762E-4425-9DDD-CEE1CBC9E394}.Debug|Mixed Platforms.Build.0 = Debug|Win32
		{B9FE42F3-762E-4425-9DDD-CEE1CBC9E394}.Debug|Win32.ActiveCfg = Debug|Win32
		{B9FE42F3-762E-4425-9DDD-CEE1CBC9E394}.Debug|Win32.Build.0 = Debug|Win32
		{B9FE42F3-762E-4425-9DDD-CEE1CBC9E394}.Debug|x86.ActiveCfg = Debug|Win32
		{B9FE42F3-762E-4425-9DDD-CEE1CBC9E394}.Release|Mixed Platforms.ActiveCfg = Release|Win32
		{B9FE42F3-762E-4425-9DDD-CEE1CBC9E394}.Release|Mixed Platforms.Build.0 = Release|Win32
		{B9FE42F3-762E-4425-9DDD-CEE1CBC9E394}.Release|Win32.ActiveCfg = Release|Win32
		{B9FE42F3-762E-4425-9DDD-CEE1CBC9E394}.Release|Win32.Build.0 = Release|Win32
		{B9FE42F3-762E-4425-9DDD-CEE1CBC9E394}.Release|x86.ActiveCfg = Release|Win32
		{DDA5288A-01C5-4C01-92FB-FBD22EC47DD6}.Debug|Mixed Platforms.ActiveCfg = Debug|Win32
		{DDA5288A-01C5-4C01-92FB-FBD22EC47DD6}.Debug|Mixed Platforms.Build.0 = Debug|Win32
		{DDA5288A-01C5-4C01-92FB-FBD22EC47DD6}.Debug|Win32.ActiveCfg = Debug|Win32
		{DDA5288A-01C5-4C01-92FB-FBD22EC47DD6}.Debug|Win32.Build.0 = Debug|Win32
		{DDA5288A-01C5-4C01-92FB-FBD22EC47DD6}.Debug|x86.ActiveCfg = Debug|Win32
		{DDA5288A-01C5-4C01-92FB-FBD22EC47DD6}.Release|Mixed Platforms.ActiveCfg = Release|Win32
		{DDA5288A-01C5-4C01-92FB-FBD22EC47DD6}.Release|Mixed Platforms.Build.0 = Release|Win32
		{DDA5288A-01C5-4C01-92FB-FBD22EC47DD6}.Release|Win32.ActiveCfg = Release|Win32
		{DDA5288A-01C5-4C01-92FB-FBD22EC47DD6}.Release|Win32.Build.0 = Release|Win32
		{DDA5288A-01C5-4C01-92FB-FBD22EC47DD6}.Release|x86.ActiveCfg = Release|Win32
		{EFDD22B2-7143-4EDA-A267-B88433E1BE20}.Debug|Mixed Platforms.ActiveCfg = Debug|x86
		{EFDD22B2-7143-4EDA-A267-B88433E1BE20}.Debug|Mixed Platforms.Build.0 = Debug|x86
		{EFDD22B2-7143-4EDA-A267-B88433E1BE20}.Debug|Win32.ActiveCfg = Debug|x86
		{EFDD22B2-7143-4EDA-A267-B88433E1BE20}.Debug|x86.ActiveCfg = Debug|x86
		{EFDD22B2-7143-4EDA-A267-B88433E1BE20}.Debug|x86.Build.0 = Debug|x86
		{EFDD22B2-7143-4EDA-A267-B88433E1BE20}.Release|Mixed Platforms.ActiveCfg = Release|x86
		{EFDD22B2-7143-4EDA-A267-B88433E1BE20}.Release|Mixed Platforms.Build.0 = Release|x86
		{EFDD22B2-7143-4EDA-A267-B88433E1BE20}.Release|Win32.ActiveCfg = Release|x86
		{EFDD22B2-7143-4EDA-A267-B88433E1BE20}.Release|x86.ActiveCfg = Release|x86
		{EFDD22B2-7143-4EDA-A267-B88433E1BE20}.Release|x86.Build.0 = Release|x86
		{B6810100-D89C-4DAB-9FD7-C82A2AD52831}.Debug|Mixed Platforms.ActiveCfg = Debug|Win32
		{B6810100-D89C-4DAB-9FD7-C82A2AD52831}.Debug|Mixed Platforms.Build.0 = Debug|Win32
		{B6810100-D89C-4DAB-9FD7-C82A2AD52831}.Debug|Win32.ActiveCfg = Debug|Win32
		{B6810100-D89C-4DAB-9FD7-C82A2AD52831}.Debug|Win32.Build.0 = Debug|Win32
		{B6810100-D89C-4DAB-9FD7-C82A2AD52831}.Debug|x86.ActiveCfg = Debug|Win32
		{B6810100-D89C-4DAB-9FD7-C82A2AD52831}.Release|Mixed Platforms.ActiveCfg = Release|Win32
		{B6810100-D89C-4DAB-9FD7-C82A2AD52831}.Release|Mixed Platforms.Build.0 = Release|Win32
		{B6810100-D89C-4DAB-9FD7-C82A2AD52831}.Release|Win32.ActiveCfg = Release|Win32
		{B6810100-D89C-4DAB-9FD7-C82A2AD52831}.Release|Win32.Build.0 = Release|Win32
		{B6810100-D89C-4DAB-9FD7-C82A2AD52831}.Release|x86.ActiveCfg = Release|Win32
		{ECE512A9-A96D-41D8-8137-DE31E62FE102}.Debug|Mixed Platforms.ActiveCfg = Debug|Win32
		{ECE512A9-A96D-41D8-8137-DE31E62FE102}.Debug|Mixed Platforms.Build.0 = Debug|Win32
		{ECE512A9-A96D-41D8-8137-DE31E62FE102}.Debug|Win32.ActiveCfg = Debug|Win32
		{ECE512A9-A96D-41D8-8137-DE31E62FE102}.Debug|Win32.Build.0 = Debug|Win32
		{ECE512A9-A96D-41D8-8137-DE31E62FE102}.Debug|x86.ActiveCfg = Debug|Win32
		{ECE512A9-A96D-41D8-8137-DE31E62FE102}.Release|Mixed Platforms.ActiveCfg = Release|Win32
		{ECE512A9-A96D-41D8-8137-DE31E62FE102}.Release|Mixed Platforms.Build.0 = Release|Win32
		{ECE512A9-A96D-41D8-8137-DE31E62FE102}.Release|Win32.ActiveCfg = Release|Win32
		{ECE512A9-A96D-41D8-8137-DE31E62FE102}.Release|Win32.Build.0 = Release|Win32
		{ECE512A9-A96D-41D8-8137-DE31E62FE102}.Release|x86.ActiveCfg = Release|Win32
	EndGlobalSection
	GlobalSection(SolutionProperties) = preSolution
		HideSolutionNode = FALSE
	EndGlobalSection
EndGlobal
